
Microsoft Visual Studio Solution File, Format Version 12.00
# Visual Studio Version 16
VisualStudioVersion = 16.0.31605.320
MinimumVisualStudioVersion = 10.0.40219.1
Project("{8BC9CEB8-8B4A-11D0-8D11-00A0C91BC942}") = "Lab1", "Lab1.vcxproj", "{8093DC34-B359-4DF7-B581-FA2EA044B1E9}"
EndProject
Project("{8BC9CEB8-8B4A-11D0-8D11-00A0C91BC942}") = "Lab1_2", "..\Lab1_2\Lab1_2.vcxproj", "{84198C98-98A4-4307-9F6C-FF61EC738B33}"
EndProject
Global
	GlobalSection(SolutionConfigurationPlatforms) = preSolution
		Debug|x64 = Debug|x64
		Debug|x86 = Debug|x86
		Release|x64 = Release|x64
		Release|x86 = Release|x86
	EndGlobalSection
	GlobalSection(ProjectConfigurationPlatforms) = postSolution
		{8093DC34-B359-4DF7-B581-FA2EA044B1E9}.Debug|x64.ActiveCfg = Debug|x64
		{8093DC34-B359-4DF7-B581-FA2EA044B1E9}.Debug|x64.Build.0 = Debug|x64
		{8093DC34-B359-4DF7-B581-FA2EA044B1E9}.Debug|x86.ActiveCfg = Debug|Win32
		{8093DC34-B359-4DF7-B581-FA2EA044B1E9}.Debug|x86.Build.0 = Debug|Win32
		{8093DC34-B359-4DF7-B581-FA2EA044B1E9}.Release|x64.ActiveCfg = Release|x64
		{8093DC34-B359-4DF7-B581-FA2EA044B1E9}.Release|x64.Build.0 = Release|x64
		{8093DC34-B359-4DF7-B581-FA2EA044B1E9}.Release|x86.ActiveCfg = Release|Win32
		{8093DC34-B359-4DF7-B581-FA2EA044B1E9}.Release|x86.Build.0 = Release|Win32
		{84198C98-98A4-4307-9F6C-FF61EC738B33}.Debug|x64.ActiveCfg = Debug|x64
		{84198C98-98A4-4307-9F6C-FF61EC738B33}.Debug|x64.Build.0 = Debug|x64
		{84198C98-98A4-4307-9F6C-FF61EC738B33}.Debug|x86.ActiveCfg = Debug|Win32
		{84198C98-98A4-4307-9F6C-FF61EC738B33}.Debug|x86.Build.0 = Debug|Win32
		{84198C98-98A4-4307-9F6C-FF61EC738B33}.Release|x64.ActiveCfg = Release|x64
		{84198C98-98A4-4307-9F6C-FF61EC738B33}.Release|x64.Build.0 = Release|x64
		{84198C98-98A4-4307-9F6C-FF61EC738B33}.Release|x86.ActiveCfg = Release|Win32
		{84198C98-98A4-4307-9F6C-FF61EC738B33}.Release|x86.Build.0 = Release|Win32
	EndGlobalSection
	GlobalSection(SolutionProperties) = preSolution
		HideSolutionNode = FALSE
	EndGlobalSection
	GlobalSection(ExtensibilityGlobals) = postSolution
		SolutionGuid = {B4BA91FE-2886-457A-8506-252EA4704AA7}
	EndGlobalSection
EndGlobal
