
Microsoft Visual Studio Solution File, Format Version 12.00
# Visual Studio Version 17
VisualStudioVersion = 17.3.32929.385
MinimumVisualStudioVersion = 10.0.40219.1
Project("{8BC9CEB8-8B4A-11D0-8D11-00A0C91BC942}") = "SELab21", "SELab21\SELab21.vcxproj", "{D5CBC8CE-5FB4-4BAA-B78C-F98FB13FBFE8}"
EndProject
Project("{8BC9CEB8-8B4A-11D0-8D11-00A0C91BC942}") = "AsmCode", "AsmCode\AsmCode.vcxproj", "{F19949FB-0DBC-42BB-926B-39170785C1F2}"
EndProject
Global
	GlobalSection(SolutionConfigurationPlatforms) = preSolution
		Debug|x64 = Debug|x64
		Debug|x86 = Debug|x86
		Release|x64 = Release|x64
		Release|x86 = Release|x86
	EndGlobalSection
	GlobalSection(ProjectConfigurationPlatforms) = postSolution
		{D5CBC8CE-5FB4-4BAA-B78C-F98FB13FBFE8}.Debug|x64.ActiveCfg = Debug|x64
		{D5CBC8CE-5FB4-4BAA-B78C-F98FB13FBFE8}.Debug|x64.Build.0 = Debug|x64
		{D5CBC8CE-5FB4-4BAA-B78C-F98FB13FBFE8}.Debug|x86.ActiveCfg = Debug|Win32
		{D5CBC8CE-5FB4-4BAA-B78C-F98FB13FBFE8}.Debug|x86.Build.0 = Debug|Win32
		{D5CBC8CE-5FB4-4BAA-B78C-F98FB13FBFE8}.Release|x64.ActiveCfg = Release|x64
		{D5CBC8CE-5FB4-4BAA-B78C-F98FB13FBFE8}.Release|x64.Build.0 = Release|x64
		{D5CBC8CE-5FB4-4BAA-B78C-F98FB13FBFE8}.Release|x86.ActiveCfg = Release|Win32
		{D5CBC8CE-5FB4-4BAA-B78C-F98FB13FBFE8}.Release|x86.Build.0 = Release|Win32
		{F19949FB-0DBC-42BB-926B-39170785C1F2}.Debug|x64.ActiveCfg = Debug|x64
		{F19949FB-0DBC-42BB-926B-39170785C1F2}.Debug|x64.Build.0 = Debug|x64
		{F19949FB-0DBC-42BB-926B-39170785C1F2}.Debug|x86.ActiveCfg = Debug|Win32
		{F19949FB-0DBC-42BB-926B-39170785C1F2}.Debug|x86.Build.0 = Debug|Win32
		{F19949FB-0DBC-42BB-926B-39170785C1F2}.Release|x64.ActiveCfg = Release|x64
		{F19949FB-0DBC-42BB-926B-39170785C1F2}.Release|x64.Build.0 = Release|x64
		{F19949FB-0DBC-42BB-926B-39170785C1F2}.Release|x86.ActiveCfg = Release|Win32
		{F19949FB-0DBC-42BB-926B-39170785C1F2}.Release|x86.Build.0 = Release|Win32
	EndGlobalSection
	GlobalSection(SolutionProperties) = preSolution
		HideSolutionNode = FALSE
	EndGlobalSection
	GlobalSection(ExtensibilityGlobals) = postSolution
		SolutionGuid = {C2EF7F99-7ED3-4A98-91DA-BE43357C8D84}
	EndGlobalSection
EndGlobal
